<?xml version="1.0" encoding="utf-8"?>
<Project ToolsVersion="4.0" xmlns="http://schemas.microsoft.com/developer/msbuild/2003">
  <ItemGroup>
    <Filter Include="Source Files">
      <UniqueIdentifier>{4FC737F1-C7A5-4376-A066-2A32D752A2FF}</UniqueIdentifier>
      <Extensions>cpp;c;cc;cxx;c++;cppm;ixx;def;odl;idl;hpj;bat;asm;asmx</Extensions>
    </Filter>
    <Filter Include="Header Files">
      <UniqueIdentifier>{93995380-89BD-4b04-88EB-625FBE52EBFB}</UniqueIdentifier>
      <Extensions>h;hh;hpp;hxx;h++;hm;inl;inc;ipp;xsd</Extensions>
    </Filter>
    <Filter Include="Resource Files">
      <UniqueIdentifier>{67DA6AB6-F800-4c08-8B7A-83BB121AAD01}</UniqueIdentifier>
      <Extensions>rc;ico;cur;bmp;dlg;rc2;rct;bin;rgs;gif;jpg;jpeg;jpe;resx;tiff;tif;png;wav;mfcribbon-ms</Extensions>
    </Filter>
    <Filter Include="Header Files\include">
      <UniqueIdentifier>{ecd10225-ca75-465e-9093-778e5caf8875}</UniqueIdentifier>
    </Filter>
    <Filter Include="Source Files\CoreUObject">
      <UniqueIdentifier>{69e89b95-8f76-4e16-ae00-286953640843}</UniqueIdentifier>
    </Filter>
    <Filter Include="Header Files\CoreUObject">
      <UniqueIdentifier>{03e79ee4-4f46-479d-a47e-68ba22743ebe}</UniqueIdentifier>
    </Filter>
    <Filter Include="Source Files\Core">
      <UniqueIdentifier>{598ea3bb-58c8-4660-be34-ce79051923f2}</UniqueIdentifier>
    </Filter>
    <Filter Include="Header Files\Core">
      <UniqueIdentifier>{6e10d618-0a6f-4830-9ce5-966d9be14857}</UniqueIdentifier>
    </Filter>
    <Filter Include="Source Files\Core\UObject">
      <UniqueIdentifier>{303ed9b9-c55e-4392-8ff7-b74c071f3a27}</UniqueIdentifier>
    </Filter>
    <Filter Include="Header Files\Core\UObject">
      <UniqueIdentifier>{7014f8e2-4540-420b-bdcb-678251782b97}</UniqueIdentifier>
    </Filter>
    <Filter Include="Header Files\Core\Containers">
      <UniqueIdentifier>{29ed799c-d893-487b-923f-3c6177247d8e}</UniqueIdentifier>
    </Filter>
    <Filter Include="Source Files\Core\Containers">
      <UniqueIdentifier>{2f11480d-00af-4020-b03d-a73f8626f9fc}</UniqueIdentifier>
    </Filter>
    <Filter Include="Source Files\CoreUObject\UObject">
      <UniqueIdentifier>{6e0d0935-23da-4a73-a6c9-3fa079d9c773}</UniqueIdentifier>
    </Filter>
    <Filter Include="Header Files\CoreUObject\UObject">
      <UniqueIdentifier>{b947d5c6-1390-4fb4-8ede-8034859f48d5}</UniqueIdentifier>
    </Filter>
  </ItemGroup>
  <ItemGroup>
    <ClInclude Include="framework.h">
      <Filter>Header Files</Filter>
    </ClInclude>
    <ClInclude Include="pch.h">
      <Filter>Header Files</Filter>
    </ClInclude>
    <ClInclude Include="include\memory.h">
      <Filter>Header Files\include</Filter>
    </ClInclude>
    <ClInclude Include="offsets.h">
      <Filter>Header Files</Filter>
    </ClInclude>
    <ClInclude Include="dumper.h">
      <Filter>Header Files</Filter>
    </ClInclude>
    <ClInclude Include="utils.h">
      <Filter>Header Files</Filter>
    </ClInclude>
    <ClInclude Include="Core\UObject\NameTypes.h">
      <Filter>Header Files\Core\UObject</Filter>
    </ClInclude>
    <ClInclude Include="Core\Containers\UnrealString.h">
      <Filter>Header Files\Core\Containers</Filter>
    </ClInclude>
    <ClInclude Include="Core\Containers\Array.h">
      <Filter>Header Files\Core\Containers</Filter>
    </ClInclude>
    <ClInclude Include="CoreUObject\UObject\ObjectMacros.h">
      <Filter>Header Files\CoreUObject\UObject</Filter>
    </ClInclude>
    <ClInclude Include="CoreUObject\UObject\UObjectArray.h">
      <Filter>Header Files\CoreUObject\UObject</Filter>
    </ClInclude>
    <ClInclude Include="CoreUObject\UObject\UObjectHash.h">
      <Filter>Header Files\CoreUObject\UObject</Filter>
    </ClInclude>
    <ClInclude Include="CoreUObject\UObject\Class.h">
      <Filter>Header Files\CoreUObject\UObject</Filter>
    </ClInclude>
    <ClInclude Include="CoreUObject\UObject\Script.h">
      <Filter>Header Files\CoreUObject\UObject</Filter>
    </ClInclude>
    <ClInclude Include="CoreUObject\UObject\UObjectBase.h">
      <Filter>Header Files\CoreUObject\UObject</Filter>
    </ClInclude>
    <ClInclude Include="CoreUObject\UObject\UObjectBaseUtility.h">
      <Filter>Header Files\CoreUObject\UObject</Filter>
    </ClInclude>
    <ClInclude Include="CoreUObject\UObject\UnrealTypePrivate.h">
      <Filter>Header Files\CoreUObject\UObject</Filter>
    </ClInclude>
    <ClInclude Include="buildSettings.h">
      <Filter>Header Files</Filter>
    </ClInclude>
    <ClInclude Include="CoreUObject\UObject\Object.h">
      <Filter>Header Files\CoreUObject\UObject</Filter>
    </ClInclude>
    <ClInclude Include="CoreUObject\UObject\Field.h">
      <Filter>Header Files\CoreUObject\UObject</Filter>
    </ClInclude>
  </ItemGroup>
  <ItemGroup>
    <ClCompile Include="dllmain.cpp">
      <Filter>Source Files</Filter>
    </ClCompile>
    <ClCompile Include="pch.cpp">
      <Filter>Source Files</Filter>
    </ClCompile>
    <ClCompile Include="offsets.cpp">
      <Filter>Source Files</Filter>
    </ClCompile>
    <ClCompile Include="dumper.cpp">
      <Filter>Source Files</Filter>
    </ClCompile>
    <ClCompile Include="utils.cpp">
      <Filter>Source Files</Filter>
    </ClCompile>
    <ClCompile Include="Core\UObject\NameTypes.cpp">
      <Filter>Source Files\Core\UObject</Filter>
    </ClCompile>
    <ClCompile Include="Core\Containers\UnrealString.cpp">
      <Filter>Source Files\Core\Containers</Filter>
    </ClCompile>
    <ClCompile Include="Core\Containers\Array.cpp">
      <Filter>Source Files\Core\Containers</Filter>
    </ClCompile>
    <ClCompile Include="CoreUObject\UObject\UObjectHash.cpp">
      <Filter>Source Files\CoreUObject\UObject</Filter>
    </ClCompile>
    <ClCompile Include="CoreUObject\UObject\UObjectArray.cpp">
      <Filter>Source Files\CoreUObject\UObject</Filter>
    </ClCompile>
    <ClCompile Include="CoreUObject\UObject\ObjectMacros.cpp">
      <Filter>Source Files\CoreUObject\UObject</Filter>
    </ClCompile>
    <ClCompile Include="CoreUObject\UObject\Class.cpp">
      <Filter>Source Files\CoreUObject\UObject</Filter>
    </ClCompile>
    <ClCompile Include="CoreUObject\UObject\Script.cpp">
      <Filter>Source Files\CoreUObject\UObject</Filter>
    </ClCompile>
    <ClCompile Include="CoreUObject\UObject\UObjectBase.cpp">
      <Filter>Source Files\CoreUObject\UObject</Filter>
    </ClCompile>
    <ClCompile Include="CoreUObject\UObject\UObjectBaseUtility.cpp">
      <Filter>Source Files\CoreUObject\UObject</Filter>
    </ClCompile>
    <ClCompile Include="CoreUObject\UObject\UnrealTypePrivate.cpp">
      <Filter>Source Files\CoreUObject\UObject</Filter>
    </ClCompile>
    <ClCompile Include="CoreUObject\UObject\Object.cpp">
      <Filter>Source Files\CoreUObject\UObject</Filter>
    </ClCompile>
    <ClCompile Include="CoreUObject\UObject\Field.cpp">
      <Filter>Source Files\CoreUObject\UObject</Filter>
    </ClCompile>
  </ItemGroup>
</Project>